github.com/YuGuorong/go v0.0.0-20180604090527-bdc77568d726 h1:hUngjIpd9EPORkayfhtwxqMM7LvBvxtRaAMPEDXdciw=
github.com/YuGuorong/go v0.0.0-20180604090527-bdc77568d726/go.mod h1:GbYXqsEgfdVZCQqV2sbQBsKePf1x+0A1bkVreGmCIE8=
github.com/siddontang/go v0.0.0-20180604090527-bdc77568d726 h1:xT+JlYxNGqyT+XcU8iUrN18JYed2TvG9yN5ULG2jATM=
github.com/siddontang/go v0.0.0-20180604090527-bdc77568d726/go.mod h1:3yhqj7WBBfRhbBlzyOC3gUxftwsU0u8gqevxwIHQpMw=
github.com/yuguorong/go v0.0.0-20180604090527-bdc77568d726 h1:3BSFfDVmj5yqpvj3H9m1EpZWhEKgJXW2C4MbTRv6rIM=
github.com/yuguorong/go v0.0.0-20180604090527-bdc77568d726/go.mod h1:i+SDEIi6IWgErb4Yq6H542yr5F8vxSoNbe9wFC+N5jc=
